
Microsoft Visual Studio Solution File, Format Version 12.00
# Visual Studio 15
VisualStudioVersion = 15.0.28307.705
MinimumVisualStudioVersion = 10.0.40219.1
Project("{FAE04EC0-301F-11D3-BF4B-00C04F79EFBC}") = "Lexic", "Lexic\Lexic.csproj", "{720CC345-06A5-4296-832A-7DEA79138F47}"
EndProject
Global
	GlobalSection(SolutionConfigurationPlatforms) = preSolution
		Debug|Any CPU = Debug|Any CPU
		Release|Any CPU = Release|Any CPU
	EndGlobalSection
	GlobalSection(ProjectConfigurationPlatforms) = postSolution
		{720CC345-06A5-4296-832A-7DEA79138F47}.Debug|Any CPU.ActiveCfg = Debug|Any CPU
		{720CC345-06A5-4296-832A-7DEA79138F47}.Debug|Any CPU.Build.0 = Debug|Any CPU
		{720CC345-06A5-4296-832A-7DEA79138F47}.Release|Any CPU.ActiveCfg = Release|Any CPU
		{720CC345-06A5-4296-832A-7DEA79138F47}.Release|Any CPU.Build.0 = Release|Any CPU
	EndGlobalSection
	GlobalSection(SolutionProperties) = preSolution
		HideSolutionNode = FALSE
	EndGlobalSection
	GlobalSection(ExtensibilityGlobals) = postSolution
		SolutionGuid = {8CC2AE12-A378-4B96-BD5E-71ECAD8912D6}
	EndGlobalSection
EndGlobal
